
Microsoft Visual Studio Solution File, Format Version 12.00
# Visual Studio Version 17
VisualStudioVersion = 17.2.32616.157
MinimumVisualStudioVersion = 10.0.40219.1
Project("{FAE04EC0-301F-11D3-BF4B-00C04F79EFBC}") = "PDF Minimal API", "PDF Minimal API.csproj", "{FDE8AD11-94B5-471A-ADFE-F8606826196F}"
EndProject
Global
	GlobalSection(SolutionConfigurationPlatforms) = preSolution
		Debug|Any CPU = Debug|Any CPU
		Release|Any CPU = Release|Any CPU
	EndGlobalSection
	GlobalSection(ProjectConfigurationPlatforms) = postSolution
		{FDE8AD11-94B5-471A-ADFE-F8606826196F}.Debug|Any CPU.ActiveCfg = Debug|Any CPU
		{FDE8AD11-94B5-471A-ADFE-F8606826196F}.Debug|Any CPU.Build.0 = Debug|Any CPU
		{FDE8AD11-94B5-471A-ADFE-F8606826196F}.Release|Any CPU.ActiveCfg = Release|Any CPU
		{FDE8AD11-94B5-471A-ADFE-F8606826196F}.Release|Any CPU.Build.0 = Release|Any CPU
	EndGlobalSection
	GlobalSection(SolutionProperties) = preSolution
		HideSolutionNode = FALSE
	EndGlobalSection
	GlobalSection(ExtensibilityGlobals) = postSolution
		SolutionGuid = {8B56AF8A-E5E7-4F8F-BF0D-C4D13F71273C}
	EndGlobalSection
EndGlobal
